
Microsoft Visual Studio Solution File, Format Version 12.00
Project("{FAE04EC0-301F-11D3-BF4B-00C04F79EFBC}") = "MyRPGGame", "MyRPGGame\MyRPGGame.csproj", "{FFBE5DB3-4E63-40CE-B77F-2F2A4F4673B8}"
EndProject
Global
	GlobalSection(SolutionConfigurationPlatforms) = preSolution
		Debug|Any CPU = Debug|Any CPU
		Release|Any CPU = Release|Any CPU
	EndGlobalSection
	GlobalSection(ProjectConfigurationPlatforms) = postSolution
		{FFBE5DB3-4E63-40CE-B77F-2F2A4F4673B8}.Debug|Any CPU.ActiveCfg = Debug|Any CPU
		{FFBE5DB3-4E63-40CE-B77F-2F2A4F4673B8}.Debug|Any CPU.Build.0 = Debug|Any CPU
		{FFBE5DB3-4E63-40CE-B77F-2F2A4F4673B8}.Release|Any CPU.ActiveCfg = Release|Any CPU
		{FFBE5DB3-4E63-40CE-B77F-2F2A4F4673B8}.Release|Any CPU.Build.0 = Release|Any CPU
	EndGlobalSection
EndGlobal
